
Microsoft Visual Studio Solution File, Format Version 12.00
# Visual Studio Version 17
VisualStudioVersion = 17.4.33103.184
MinimumVisualStudioVersion = 10.0.40219.1
Project("{FAE04EC0-301F-11D3-BF4B-00C04F79EFBC}") = "HospitalInfo", "HospitalInfo\HospitalInfo.csproj", "{3F725B9D-77CF-4E80-B1B0-787A27A01646}"
EndProject
Global
	GlobalSection(SolutionConfigurationPlatforms) = preSolution
		Debug|Any CPU = Debug|Any CPU
		Release|Any CPU = Release|Any CPU
	EndGlobalSection
	GlobalSection(ProjectConfigurationPlatforms) = postSolution
		{3F725B9D-77CF-4E80-B1B0-787A27A01646}.Debug|Any CPU.ActiveCfg = Debug|Any CPU
		{3F725B9D-77CF-4E80-B1B0-787A27A01646}.Debug|Any CPU.Build.0 = Debug|Any CPU
		{3F725B9D-77CF-4E80-B1B0-787A27A01646}.Release|Any CPU.ActiveCfg = Release|Any CPU
		{3F725B9D-77CF-4E80-B1B0-787A27A01646}.Release|Any CPU.Build.0 = Release|Any CPU
	EndGlobalSection
	GlobalSection(SolutionProperties) = preSolution
		HideSolutionNode = FALSE
	EndGlobalSection
	GlobalSection(ExtensibilityGlobals) = postSolution
		SolutionGuid = {33509BB7-1166-4FDC-9B97-757F9406B654}
	EndGlobalSection
EndGlobal
