
Microsoft Visual Studio Solution File, Format Version 12.00
# Visual Studio Version 17
VisualStudioVersion = 17.4.33103.184
MinimumVisualStudioVersion = 10.0.40219.1
Project("{FAE04EC0-301F-11D3-BF4B-00C04F79EFBC}") = "ClientMangement", "ClientMangement\ClientMangement.csproj", "{BB88520C-49A9-44C1-813F-D0D8C690A4DD}"
EndProject
Global
	GlobalSection(SolutionConfigurationPlatforms) = preSolution
		Debug|Any CPU = Debug|Any CPU
		Release|Any CPU = Release|Any CPU
	EndGlobalSection
	GlobalSection(ProjectConfigurationPlatforms) = postSolution
		{BB88520C-49A9-44C1-813F-D0D8C690A4DD}.Debug|Any CPU.ActiveCfg = Debug|Any CPU
		{BB88520C-49A9-44C1-813F-D0D8C690A4DD}.Debug|Any CPU.Build.0 = Debug|Any CPU
		{BB88520C-49A9-44C1-813F-D0D8C690A4DD}.Release|Any CPU.ActiveCfg = Release|Any CPU
		{BB88520C-49A9-44C1-813F-D0D8C690A4DD}.Release|Any CPU.Build.0 = Release|Any CPU
	EndGlobalSection
	GlobalSection(SolutionProperties) = preSolution
		HideSolutionNode = FALSE
	EndGlobalSection
	GlobalSection(ExtensibilityGlobals) = postSolution
		SolutionGuid = {498F5FE5-0960-49FD-A980-2EA4A6995550}
	EndGlobalSection
EndGlobal
